{
  "version": "5",
  "specifiers": {
    "jsr:@db/sqlite@0.12": "0.12.0",
    "jsr:@denosaurs/plug@1": "1.1.0",
    "jsr:@std/assert@0.217": "0.217.0",
    "jsr:@std/assert@1": "1.0.18",
    "jsr:@std/encoding@1": "1.0.10",
    "jsr:@std/fmt@1": "1.0.9",
    "jsr:@std/fs@1": "1.0.22",
    "jsr:@std/internal@^1.0.12": "1.0.12",
    "jsr:@std/path@0.217": "0.217.0",
    "jsr:@std/path@1": "1.1.4",
    "jsr:@std/path@^1.1.4": "1.1.4",
    "npm:@aws-sdk/client-s3@3": "3.1008.0"
  },
  "jsr": {
    "@db/sqlite@0.12.0": {
      "integrity": "dd1ef7f621ad50fc1e073a1c3609c4470bd51edc0994139c5bf9851de7a6d85f",
      "dependencies": [
        "jsr:@denosaurs/plug",
        "jsr:@std/path@0.217"
      ]
    },
    "@denosaurs/plug@1.1.0": {
      "integrity": "eb2f0b7546c7bca2000d8b0282c54d50d91cf6d75cb26a80df25a6de8c4bc044",
      "dependencies": [
        "jsr:@std/encoding",
        "jsr:@std/fmt",
        "jsr:@std/fs",
        "jsr:@std/path@1"
      ]
    },
    "@std/assert@0.217.0": {
      "integrity": "c98e279362ca6982d5285c3b89517b757c1e3477ee9f14eb2fdf80a45aaa9642"
    },
    "@std/assert@1.0.18": {
      "integrity": "270245e9c2c13b446286de475131dc688ca9abcd94fc5db41d43a219b34d1c78",
      "dependencies": [
        "jsr:@std/internal"
      ]
    },
    "@std/encoding@1.0.10": {
      "integrity": "8783c6384a2d13abd5e9e87a7ae0520a30e9f56aeeaa3bdf910a3eaaf5c811a1"
    },
    "@std/fmt@1.0.9": {
      "integrity": "2487343e8899fb2be5d0e3d35013e54477ada198854e52dd05ed0422eddcabe0"
    },
    "@std/fs@1.0.22": {
      "integrity": "de0f277a58a867147a8a01bc1b181d0dfa80bfddba8c9cf2bacd6747bcec9308",
      "dependencies": [
        "jsr:@std/internal",
        "jsr:@std/path@^1.1.4"
      ]
    },
    "@std/internal@1.0.12": {
      "integrity": "972a634fd5bc34b242024402972cd5143eac68d8dffaca5eaa4dba30ce17b027"
    },
    "@std/path@0.217.0": {
      "integrity": "1217cc25534bca9a2f672d7fe7c6f356e4027df400c0e85c0ef3e4343bc67d11",
      "dependencies": [
        "jsr:@std/assert@0.217"
      ]
    },
    "@std/path@1.1.4": {
      "integrity": "1d2d43f39efb1b42f0b1882a25486647cb851481862dc7313390b2bb044314b5",
      "dependencies": [
        "jsr:@std/internal"
      ]
    }
  },
  "npm": {
    "@aws-crypto/crc32@5.2.0": {
      "integrity": "sha512-nLbCWqQNgUiwwtFsen1AdzAtvuLRsQS8rYgMuxCrdKf9kOssamGLuPwyTY9wyYblNr9+1XM8v6zoDTPPSIeANg==",
      "dependencies": [
        "@aws-crypto/util",
        "@aws-sdk/types",
        "tslib"
      ]
    },
    "@aws-crypto/crc32c@5.2.0": {
      "integrity": "sha512-+iWb8qaHLYKrNvGRbiYRHSdKRWhto5XlZUEBwDjYNf+ly5SVYG6zEoYIdxvf5R3zyeP16w4PLBn3rH1xc74Rag==",
      "dependencies": [
        "@aws-crypto/util",
        "@aws-sdk/types",
        "tslib"
      ]
    },
    "@aws-crypto/sha1-browser@5.2.0": {
      "integrity": "sha512-OH6lveCFfcDjX4dbAvCFSYUjJZjDr/3XJ3xHtjn3Oj5b9RjojQo8npoLeA/bNwkOkrSQ0wgrHzXk4tDRxGKJeg==",
      "dependencies": [
        "@aws-crypto/supports-web-crypto",
        "@aws-crypto/util",
        "@aws-sdk/types",
        "@aws-sdk/util-locate-window",
        "@smithy/util-utf8@2.3.0",
        "tslib"
      ]
    },
    "@aws-crypto/sha256-browser@5.2.0": {
      "integrity": "sha512-AXfN/lGotSQwu6HNcEsIASo7kWXZ5HYWvfOmSNKDsEqC4OashTp8alTmaz+F7TC2L083SFv5RdB+qU3Vs1kZqw==",
      "dependencies": [
        "@aws-crypto/sha256-js",
        "@aws-crypto/supports-web-crypto",
        "@aws-crypto/util",
        "@aws-sdk/types",
        "@aws-sdk/util-locate-window",
        "@smithy/util-utf8@2.3.0",
        "tslib"
      ]
    },
    "@aws-crypto/sha256-js@5.2.0": {
      "integrity": "sha512-FFQQyu7edu4ufvIZ+OadFpHHOt+eSTBaYaki44c+akjg7qZg9oOQeLlk77F6tSYqjDAFClrHJk9tMf0HdVyOvA==",
      "dependencies": [
        "@aws-crypto/util",
        "@aws-sdk/types",
        "tslib"
      ]
    },
    "@aws-crypto/supports-web-crypto@5.2.0": {
      "integrity": "sha512-iAvUotm021kM33eCdNfwIN//F77/IADDSs58i+MDaOqFrVjZo9bAal0NK7HurRuWLLpF1iLX7gbWrjHjeo+YFg==",
      "dependencies": [
        "tslib"
      ]
    },
    "@aws-crypto/util@5.2.0": {
      "integrity": "sha512-4RkU9EsI6ZpBve5fseQlGNUWKMa1RLPQ1dnjnQoe07ldfIzcsGb5hC5W0Dm7u423KWzawlrpbjXBrXCEv9zazQ==",
      "dependencies": [
        "@aws-sdk/types",
        "@smithy/util-utf8@2.3.0",
        "tslib"
      ]
    },
    "@aws-sdk/client-s3@3.1008.0": {
      "integrity": "sha512-w/SIRD25v2zVMbkn8CYIxUsac8yf5Jghkhw5j7EsNWdJhl56m/nWpUX7t1etFUW1cnzpFjZV0lXt0dNFSnbXwA==",
      "dependencies": [
        "@aws-crypto/sha1-browser",
        "@aws-crypto/sha256-browser",
        "@aws-crypto/sha256-js",
        "@aws-sdk/core",
        "@aws-sdk/credential-provider-node",
        "@aws-sdk/middleware-bucket-endpoint",
        "@aws-sdk/middleware-expect-continue",
        "@aws-sdk/middleware-flexible-checksums",
        "@aws-sdk/middleware-host-header",
        "@aws-sdk/middleware-location-constraint",
        "@aws-sdk/middleware-logger",
        "@aws-sdk/middleware-recursion-detection",
        "@aws-sdk/middleware-sdk-s3",
        "@aws-sdk/middleware-ssec",
        "@aws-sdk/middleware-user-agent",
        "@aws-sdk/region-config-resolver",
        "@aws-sdk/signature-v4-multi-region",
        "@aws-sdk/types",
        "@aws-sdk/util-endpoints",
        "@aws-sdk/util-user-agent-browser",
        "@aws-sdk/util-user-agent-node",
        "@smithy/config-resolver",
        "@smithy/core",
        "@smithy/eventstream-serde-browser",
        "@smithy/eventstream-serde-config-resolver",
        "@smithy/eventstream-serde-node",
        "@smithy/fetch-http-handler",
        "@smithy/hash-blob-browser",
        "@smithy/hash-node",
        "@smithy/hash-stream-node",
        "@smithy/invalid-dependency",
        "@smithy/md5-js",
        "@smithy/middleware-content-length",
        "@smithy/middleware-endpoint",
        "@smithy/middleware-retry",
        "@smithy/middleware-serde",
        "@smithy/middleware-stack",
        "@smithy/node-config-provider",
        "@smithy/node-http-handler",
        "@smithy/protocol-http",
        "@smithy/smithy-client",
        "@smithy/types",
        "@smithy/url-parser",
        "@smithy/util-base64",
        "@smithy/util-body-length-browser",
        "@smithy/util-body-length-node",
        "@smithy/util-defaults-mode-browser",
        "@smithy/util-defaults-mode-node",
        "@smithy/util-endpoints",
        "@smithy/util-middleware",
        "@smithy/util-retry",
        "@smithy/util-stream",
        "@smithy/util-utf8@4.2.2",
        "@smithy/util-waiter",
        "tslib"
      ]
    },
    "@aws-sdk/core@3.973.19": {
      "integrity": "sha512-56KePyOcZnKTWCd89oJS1G6j3HZ9Kc+bh/8+EbvtaCCXdP6T7O7NzCiPuHRhFLWnzXIaXX3CxAz0nI5My9spHQ==",
      "dependencies": [
        "@aws-sdk/types",
        "@aws-sdk/xml-builder",
        "@smithy/core",
        "@smithy/node-config-provider",
        "@smithy/property-provider",
        "@smithy/protocol-http",
        "@smithy/signature-v4",
        "@smithy/smithy-client",
        "@smithy/types",
        "@smithy/util-base64",
        "@smithy/util-middleware",
        "@smithy/util-utf8@4.2.2",
        "tslib"
      ]
    },
    "@aws-sdk/crc64-nvme@3.972.4": {
      "integrity": "sha512-HKZIZLbRyvzo/bXZU7Zmk6XqU+1C9DjI56xd02vwuDIxedxBEqP17t9ExhbP9QFeNq/a3l9GOcyirFXxmbDhmw==",
      "dependencies": [
        "@smithy/types",
        "tslib"
      ]
    },
    "@aws-sdk/credential-provider-env@3.972.17": {
      "integrity": "sha512-MBAMW6YELzE1SdkOniqr51mrjapQUv8JXSGxtwRjQV0mwVDutVsn22OPAUt4RcLRvdiHQmNBDEFP9iTeSVCOlA==",
      "dependencies": [
        "@aws-sdk/core",
        "@aws-sdk/types",
        "@smithy/property-provider",
        "@smithy/types",
        "tslib"
      ]
    },
    "@aws-sdk/credential-provider-http@3.972.19": {
      "integrity": "sha512-9EJROO8LXll5a7eUFqu48k6BChrtokbmgeMWmsH7lBb6lVbtjslUYz/ShLi+SHkYzTomiGBhmzTW7y+H4BxsnA==",
      "dependencies": [
        "@aws-sdk/core",
        "@aws-sdk/types",
        "@smithy/fetch-http-handler",
        "@smithy/node-http-handler",
        "@smithy/property-provider",
        "@smithy/protocol-http",
        "@smithy/smithy-client",
        "@smithy/types",
        "@smithy/util-stream",
        "tslib"
      ]
    },
    "@aws-sdk/credential-provider-ini@3.972.19": {
      "integrity": "sha512-pVJVjWqVrPqjpFq7o0mCmeZu1Y0c94OCHSYgivdCD2wfmYVtBbwQErakruhgOD8pcMcx9SCqRw1pzHKR7OGBcA==",
      "dependencies": [
        "@aws-sdk/core",
        "@aws-sdk/credential-provider-env",
        "@aws-sdk/credential-provider-http",
        "@aws-sdk/credential-provider-login",
        "@aws-sdk/credential-provider-process",
        "@aws-sdk/credential-provider-sso",
        "@aws-sdk/credential-provider-web-identity",
        "@aws-sdk/nested-clients",
        "@aws-sdk/types",
        "@smithy/credential-provider-imds",
        "@smithy/property-provider",
        "@smithy/shared-ini-file-loader",
        "@smithy/types",
        "tslib"
      ]
    },
    "@aws-sdk/credential-provider-login@3.972.19": {
      "integrity": "sha512-jOXdZ1o+CywQKr6gyxgxuUmnGwTTnY2Kxs1PM7fI6AYtDWDnmW/yKXayNqkF8KjP1unflqMWKVbVt5VgmE3L0g==",
      "dependencies": [
        "@aws-sdk/core",
        "@aws-sdk/nested-clients",
        "@aws-sdk/types",
        "@smithy/property-provider",
        "@smithy/protocol-http",
        "@smithy/shared-ini-file-loader",
        "@smithy/types",
        "tslib"
      ]
    },
    "@aws-sdk/credential-provider-node@3.972.20": {
      "integrity": "sha512-0xHca2BnPY0kzjDYPH7vk8YbfdBPpWVS67rtqQMalYDQUCBYS37cZ55K6TuFxCoIyNZgSCFrVKr9PXC5BVvQQw==",
      "dependencies": [
        "@aws-sdk/credential-provider-env",
        "@aws-sdk/credential-provider-http",
        "@aws-sdk/credential-provider-ini",
        "@aws-sdk/credential-provider-process",
        "@aws-sdk/credential-provider-sso",
        "@aws-sdk/credential-provider-web-identity",
        "@aws-sdk/types",
        "@smithy/credential-provider-imds",
        "@smithy/property-provider",
        "@smithy/shared-ini-file-loader",
        "@smithy/types",
        "tslib"
      ]
    },
    "@aws-sdk/credential-provider-process@3.972.17": {
      "integrity": "sha512-c8G8wT1axpJDgaP3xzcy+q8Y1fTi9A2eIQJvyhQ9xuXrUZhlCfXbC0vM9bM1CUXiZppFQ1p7g0tuUMvil/gCPg==",
      "dependencies": [
        "@aws-sdk/core",
        "@aws-sdk/types",
        "@smithy/property-provider",
        "@smithy/shared-ini-file-loader",
        "@smithy/types",
        "tslib"
      ]
    },
    "@aws-sdk/credential-provider-sso@3.972.19": {
      "integrity": "sha512-kVjQsEU3b///q7EZGrUzol9wzwJFKbEzqJKSq82A9ShrUTEO7FNylTtby3sPV19ndADZh1H3FB3+5ZrvKtEEeg==",
      "dependencies": [
        "@aws-sdk/core",
        "@aws-sdk/nested-clients",
        "@aws-sdk/token-providers",
        "@aws-sdk/types",
        "@smithy/property-provider",
        "@smithy/shared-ini-file-loader",
        "@smithy/types",
        "tslib"
      ]
    },
    "@aws-sdk/credential-provider-web-identity@3.972.19": {
      "integrity": "sha512-BV1BlTFdG4w4tAihxN7iXDBoNcNewXD4q8uZlNQiUrnqxwGWUhKHODIQVSPlQGxXClEj+63m+cqZskw+ESmeZg==",
      "dependencies": [
        "@aws-sdk/core",
        "@aws-sdk/nested-clients",
        "@aws-sdk/types",
        "@smithy/property-provider",
        "@smithy/shared-ini-file-loader",
        "@smithy/types",
        "tslib"
      ]
    },
    "@aws-sdk/middleware-bucket-endpoint@3.972.7": {
      "integrity": "sha512-goX+axlJ6PQlRnzE2bQisZ8wVrlm6dXJfBzMJhd8LhAIBan/w1Kl73fJnalM/S+18VnpzIHumyV6DtgmvqG5IA==",
      "dependencies": [
        "@aws-sdk/types",
        "@aws-sdk/util-arn-parser",
        "@smithy/node-config-provider",
        "@smithy/protocol-http",
        "@smithy/types",
        "@smithy/util-config-provider",
        "tslib"
      ]
    },
    "@aws-sdk/middleware-expect-continue@3.972.7": {
      "integrity": "sha512-mvWqvm61bmZUKmmrtl2uWbokqpenY3Mc3Jf4nXB/Hse6gWxLPaCQThmhPBDzsPSV8/Odn8V6ovWt3pZ7vy4BFQ==",
      "dependencies": [
        "@aws-sdk/types",
        "@smithy/protocol-http",
        "@smithy/types",
        "tslib"
      ]
    },
    "@aws-sdk/middleware-flexible-checksums@3.973.5": {
      "integrity": "sha512-Dp3hqE5W6hG8HQ3Uh+AINx9wjjqYmFHbxede54sGj3akx/haIQrkp85lNdTdC+ouNUcSYNiuGkzmyDREfHX1Gg==",
      "dependencies": [
        "@aws-crypto/crc32",
        "@aws-crypto/crc32c",
        "@aws-crypto/util",
        "@aws-sdk/core",
        "@aws-sdk/crc64-nvme",
        "@aws-sdk/types",
        "@smithy/is-array-buffer@4.2.2",
        "@smithy/node-config-provider",
        "@smithy/protocol-http",
        "@smithy/types",
        "@smithy/util-middleware",
        "@smithy/util-stream",
        "@smithy/util-utf8@4.2.2",
        "tslib"
      ]
    },
    "@aws-sdk/middleware-host-header@3.972.7": {
      "integrity": "sha512-aHQZgztBFEpDU1BB00VWCIIm85JjGjQW1OG9+98BdmaOpguJvzmXBGbnAiYcciCd+IS4e9BEq664lhzGnWJHgQ==",
      "dependencies": [
        "@aws-sdk/types",
        "@smithy/protocol-http",
        "@smithy/types",
        "tslib"
      ]
    },
    "@aws-sdk/middleware-location-constraint@3.972.7": {
      "integrity": "sha512-vdK1LJfffBp87Lj0Bw3WdK1rJk9OLDYdQpqoKgmpIZPe+4+HawZ6THTbvjhJt4C4MNnRrHTKHQjkwBiIpDBoig==",
      "dependencies": [
        "@aws-sdk/types",
        "@smithy/types",
        "tslib"
      ]
    },
    "@aws-sdk/middleware-logger@3.972.7": {
      "integrity": "sha512-LXhiWlWb26txCU1vcI9PneESSeRp/RYY/McuM4SpdrimQR5NgwaPb4VJCadVeuGWgh6QmqZ6rAKSoL1ob16W6w==",
      "dependencies": [
        "@aws-sdk/types",
        "@smithy/types",
        "tslib"
      ]
    },
    "@aws-sdk/middleware-recursion-detection@3.972.7": {
      "integrity": "sha512-l2VQdcBcYLzIzykCHtXlbpiVCZ94/xniLIkAj0jpnpjY4xlgZx7f56Ypn+uV1y3gG0tNVytJqo3K9bfMFee7SQ==",
      "dependencies": [
        "@aws-sdk/types",
        "@aws/lambda-invoke-store",
        "@smithy/protocol-http",
        "@smithy/types",
        "tslib"
      ]
    },
    "@aws-sdk/middleware-sdk-s3@3.972.19": {
      "integrity": "sha512-/CtOHHVFg4ZuN6CnLnYkrqWgVEnbOBC4kNiKa+4fldJ9cioDt3dD/f5vpq0cWLOXwmGL2zgVrVxNhjxWpxNMkg==",
      "dependencies": [
        "@aws-sdk/core",
        "@aws-sdk/types",
        "@aws-sdk/util-arn-parser",
        "@smithy/core",
        "@smithy/node-config-provider",
        "@smithy/protocol-http",
        "@smithy/signature-v4",
        "@smithy/smithy-client",
        "@smithy/types",
        "@smithy/util-config-provider",
        "@smithy/util-middleware",
        "@smithy/util-stream",
        "@smithy/util-utf8@4.2.2",
        "tslib"
      ]
    },
    "@aws-sdk/middleware-ssec@3.972.7": {
      "integrity": "sha512-G9clGVuAml7d8DYzY6DnRi7TIIDRvZ3YpqJPz/8wnWS5fYx/FNWNmkO6iJVlVkQg9BfeMzd+bVPtPJOvC4B+nQ==",
      "dependencies": [
        "@aws-sdk/types",
        "@smithy/types",
        "tslib"
      ]
    },
    "@aws-sdk/middleware-user-agent@3.972.20": {
      "integrity": "sha512-3kNTLtpUdeahxtnJRnj/oIdLAUdzTfr9N40KtxNhtdrq+Q1RPMdCJINRXq37m4t5+r3H70wgC3opW46OzFcZYA==",
      "dependencies": [
        "@aws-sdk/core",
        "@aws-sdk/types",
        "@aws-sdk/util-endpoints",
        "@smithy/core",
        "@smithy/protocol-http",
        "@smithy/types",
        "@smithy/util-retry",
        "tslib"
      ]
    },
    "@aws-sdk/nested-clients@3.996.9": {
      "integrity": "sha512-+RpVtpmQbbtzFOKhMlsRcXM/3f1Z49qTOHaA8gEpHOYruERmog6f2AUtf/oTRLCWjR9H2b3roqryV/hI7QMW8w==",
      "dependencies": [
        "@aws-crypto/sha256-browser",
        "@aws-crypto/sha256-js",
        "@aws-sdk/core",
        "@aws-sdk/middleware-host-header",
        "@aws-sdk/middleware-logger",
        "@aws-sdk/middleware-recursion-detection",
        "@aws-sdk/middleware-user-agent",
        "@aws-sdk/region-config-resolver",
        "@aws-sdk/types",
        "@aws-sdk/util-endpoints",
        "@aws-sdk/util-user-agent-browser",
        "@aws-sdk/util-user-agent-node",
        "@smithy/config-resolver",
        "@smithy/core",
        "@smithy/fetch-http-handler",
        "@smithy/hash-node",
        "@smithy/invalid-dependency",
        "@smithy/middleware-content-length",
        "@smithy/middleware-endpoint",
        "@smithy/middleware-retry",
        "@smithy/middleware-serde",
        "@smithy/middleware-stack",
        "@smithy/node-config-provider",
        "@smithy/node-http-handler",
        "@smithy/protocol-http",
        "@smithy/smithy-client",
        "@smithy/types",
        "@smithy/url-parser",
        "@smithy/util-base64",
        "@smithy/util-body-length-browser",
        "@smithy/util-body-length-node",
        "@smithy/util-defaults-mode-browser",
        "@smithy/util-defaults-mode-node",
        "@smithy/util-endpoints",
        "@smithy/util-middleware",
        "@smithy/util-retry",
        "@smithy/util-utf8@4.2.2",
        "tslib"
      ]
    },
    "@aws-sdk/region-config-resolver@3.972.7": {
      "integrity": "sha512-/Ev/6AI8bvt4HAAptzSjThGUMjcWaX3GX8oERkB0F0F9x2dLSBdgFDiyrRz3i0u0ZFZFQ1b28is4QhyqXTUsVA==",
      "dependencies": [
        "@aws-sdk/types",
        "@smithy/config-resolver",
        "@smithy/node-config-provider",
        "@smithy/types",
        "tslib"
      ]
    },
    "@aws-sdk/signature-v4-multi-region@3.996.7": {
      "integrity": "sha512-mYhh7FY+7OOqjkYkd6+6GgJOsXK1xBWmuR+c5mxJPj2kr5TBNeZq+nUvE9kANWAux5UxDVrNOSiEM/wlHzC3Lg==",
      "dependencies": [
        "@aws-sdk/middleware-sdk-s3",
        "@aws-sdk/types",
        "@smithy/protocol-http",
        "@smithy/signature-v4",
        "@smithy/types",
        "tslib"
      ]
    },
    "@aws-sdk/token-providers@3.1008.0": {
      "integrity": "sha512-TulwlHQBWcJs668kNUDMZHN51DeLrDsYT59Ux4a/nbvr025gM6HjKJJ3LvnZccam7OS/ZKUVkWomCneRQKJbBg==",
      "dependencies": [
        "@aws-sdk/core",
        "@aws-sdk/nested-clients",
        "@aws-sdk/types",
        "@smithy/property-provider",
        "@smithy/shared-ini-file-loader",
        "@smithy/types",
        "tslib"
      ]
    },
    "@aws-sdk/types@3.973.5": {
      "integrity": "sha512-hl7BGwDCWsjH8NkZfx+HgS7H2LyM2lTMAI7ba9c8O0KqdBLTdNJivsHpqjg9rNlAlPyREb6DeDRXUl0s8uFdmQ==",
      "dependencies": [
        "@smithy/types",
        "tslib"
      ]
    },
    "@aws-sdk/util-arn-parser@3.972.3": {
      "integrity": "sha512-HzSD8PMFrvgi2Kserxuff5VitNq2sgf3w9qxmskKDiDTThWfVteJxuCS9JXiPIPtmCrp+7N9asfIaVhBFORllA==",
      "dependencies": [
        "tslib"
      ]
    },
    "@aws-sdk/util-endpoints@3.996.4": {
      "integrity": "sha512-Hek90FBmd4joCFj+Vc98KLJh73Zqj3s2W56gjAcTkrNLMDI5nIFkG9YpfcJiVI1YlE2Ne1uOQNe+IgQ/Vz2XRA==",
      "dependencies": [
        "@aws-sdk/types",
        "@smithy/types",
        "@smithy/url-parser",
        "@smithy/util-endpoints",
        "tslib"
      ]
    },
    "@aws-sdk/util-locate-window@3.965.5": {
      "integrity": "sha512-WhlJNNINQB+9qtLtZJcpQdgZw3SCDCpXdUJP7cToGwHbCWCnRckGlc6Bx/OhWwIYFNAn+FIydY8SZ0QmVu3xTQ==",
      "dependencies": [
        "tslib"
      ]
    },
    "@aws-sdk/util-user-agent-browser@3.972.7": {
      "integrity": "sha512-7SJVuvhKhMF/BkNS1n0QAJYgvEwYbK2QLKBrzDiwQGiTRU6Yf1f3nehTzm/l21xdAOtWSfp2uWSddPnP2ZtsVw==",
      "dependencies": [
        "@aws-sdk/types",
        "@smithy/types",
        "bowser",
        "tslib"
      ]
    },
    "@aws-sdk/util-user-agent-node@3.973.6": {
      "integrity": "sha512-iF7G0prk7AvmOK64FcLvc/fW+Ty1H+vttajL7PvJFReU8urMxfYmynTTuFKDTA76Wgpq3FzTPKwabMQIXQHiXQ==",
      "dependencies": [
        "@aws-sdk/middleware-user-agent",
        "@aws-sdk/types",
        "@smithy/node-config-provider",
        "@smithy/types",
        "@smithy/util-config-provider",
        "tslib"
      ]
    },
    "@aws-sdk/xml-builder@3.972.10": {
      "integrity": "sha512-OnejAIVD+CxzyAUrVic7lG+3QRltyja9LoNqCE/1YVs8ichoTbJlVSaZ9iSMcnHLyzrSNtvaOGjSDRP+d/ouFA==",
      "dependencies": [
        "@smithy/types",
        "fast-xml-parser",
        "tslib"
      ]
    },
    "@aws/lambda-invoke-store@0.2.4": {
      "integrity": "sha512-iY8yvjE0y651BixKNPgmv1WrQc+GZ142sb0z4gYnChDDY2YqI4P/jsSopBWrKfAt7LOJAkOXt7rC/hms+WclQQ=="
    },
    "@smithy/abort-controller@4.2.12": {
      "integrity": "sha512-xolrFw6b+2iYGl6EcOL7IJY71vvyZ0DJ3mcKtpykqPe2uscwtzDZJa1uVQXyP7w9Dd+kGwYnPbMsJrGISKiY/Q==",
      "dependencies": [
        "@smithy/types",
        "tslib"
      ]
    },
    "@smithy/chunked-blob-reader-native@4.2.3": {
      "integrity": "sha512-jA5k5Udn7Y5717L86h4EIv06wIr3xn8GM1qHRi/Nf31annXcXHJjBKvgztnbn2TxH3xWrPBfgwHsOwZf0UmQWw==",
      "dependencies": [
        "@smithy/util-base64",
        "tslib"
      ]
    },
    "@smithy/chunked-blob-reader@5.2.2": {
      "integrity": "sha512-St+kVicSyayWQca+I1rGitaOEH6uKgE8IUWoYnnEX26SWdWQcL6LvMSD19Lg+vYHKdT9B2Zuu7rd3i6Wnyb/iw==",
      "dependencies": [
        "tslib"
      ]
    },
    "@smithy/config-resolver@4.4.11": {
      "integrity": "sha512-YxFiiG4YDAtX7WMN7RuhHZLeTmRRAOyCbr+zB8e3AQzHPnUhS8zXjB1+cniPVQI3xbWsQPM0X2aaIkO/ME0ymw==",
      "dependencies": [
        "@smithy/node-config-provider",
        "@smithy/types",
        "@smithy/util-config-provider",
        "@smithy/util-endpoints",
        "@smithy/util-middleware",
        "tslib"
      ]
    },
    "@smithy/core@3.23.11": {
      "integrity": "sha512-952rGf7hBRnhUIaeLp6q4MptKW8sPFe5VvkoZ5qIzFAtx6c/QZ/54FS3yootsyUSf9gJX/NBqEBNdNR7jMIlpQ==",
      "dependencies": [
        "@smithy/protocol-http",
        "@smithy/types",
        "@smithy/url-parser",
        "@smithy/util-base64",
        "@smithy/util-body-length-browser",
        "@smithy/util-middleware",
        "@smithy/util-stream",
        "@smithy/util-utf8@4.2.2",
        "@smithy/uuid",
        "tslib"
      ]
    },
    "@smithy/credential-provider-imds@4.2.12": {
      "integrity": "sha512-cr2lR792vNZcYMriSIj+Um3x9KWrjcu98kn234xA6reOAFMmbRpQMOv8KPgEmLLtx3eldU6c5wALKFqNOhugmg==",
      "dependencies": [
        "@smithy/node-config-provider",
        "@smithy/property-provider",
        "@smithy/types",
        "@smithy/url-parser",
        "tslib"
      ]
    },
    "@smithy/eventstream-codec@4.2.12": {
      "integrity": "sha512-FE3bZdEl62ojmy8x4FHqxq2+BuOHlcxiH5vaZ6aqHJr3AIZzwF5jfx8dEiU/X0a8RboyNDjmXjlbr8AdEyLgiA==",
      "dependencies": [
        "@aws-crypto/crc32",
        "@smithy/types",
        "@smithy/util-hex-encoding",
        "tslib"
      ]
    },
    "@smithy/eventstream-serde-browser@4.2.12": {
      "integrity": "sha512-XUSuMxlTxV5pp4VpqZf6Sa3vT/Q75FVkLSpSSE3KkWBvAQWeuWt1msTv8fJfgA4/jcJhrbrbMzN1AC/hvPmm5A==",
      "dependencies": [
        "@smithy/eventstream-serde-universal",
        "@smithy/types",
        "tslib"
      ]
    },
    "@smithy/eventstream-serde-config-resolver@4.3.12": {
      "integrity": "sha512-7epsAZ3QvfHkngz6RXQYseyZYHlmWXSTPOfPmXkiS+zA6TBNo1awUaMFL9vxyXlGdoELmCZyZe1nQE+imbmV+Q==",
      "dependencies": [
        "@smithy/types",
        "tslib"
      ]
    },
    "@smithy/eventstream-serde-node@4.2.12": {
      "integrity": "sha512-D1pFuExo31854eAvg89KMn9Oab/wEeJR6Buy32B49A9Ogdtx5fwZPqBHUlDzaCDpycTFk2+fSQgX689Qsk7UGA==",
      "dependencies": [
        "@smithy/eventstream-serde-universal",
        "@smithy/types",
        "tslib"
      ]
    },
    "@smithy/eventstream-serde-universal@4.2.12": {
      "integrity": "sha512-+yNuTiyBACxOJUTvbsNsSOfH9G9oKbaJE1lNL3YHpGcuucl6rPZMi3nrpehpVOVR2E07YqFFmtwpImtpzlouHQ==",
      "dependencies": [
        "@smithy/eventstream-codec",
        "@smithy/types",
        "tslib"
      ]
    },
    "@smithy/fetch-http-handler@5.3.15": {
      "integrity": "sha512-T4jFU5N/yiIfrtrsb9uOQn7RdELdM/7HbyLNr6uO/mpkj1ctiVs7CihVr51w4LyQlXWDpXFn4BElf1WmQvZu/A==",
      "dependencies": [
        "@smithy/protocol-http",
        "@smithy/querystring-builder",
        "@smithy/types",
        "@smithy/util-base64",
        "tslib"
      ]
    },
    "@smithy/hash-blob-browser@4.2.13": {
      "integrity": "sha512-YrF4zWKh+ghLuquldj6e/RzE3xZYL8wIPfkt0MqCRphVICjyyjH8OwKD7LLlKpVEbk4FLizFfC1+gwK6XQdR3g==",
      "dependencies": [
        "@smithy/chunked-blob-reader",
        "@smithy/chunked-blob-reader-native",
        "@smithy/types",
        "tslib"
      ]
    },
    "@smithy/hash-node@4.2.12": {
      "integrity": "sha512-QhBYbGrbxTkZ43QoTPrK72DoYviDeg6YKDrHTMJbbC+A0sml3kSjzFtXP7BtbyJnXojLfTQldGdUR0RGD8dA3w==",
      "dependencies": [
        "@smithy/types",
        "@smithy/util-buffer-from@4.2.2",
        "@smithy/util-utf8@4.2.2",
        "tslib"
      ]
    },
    "@smithy/hash-stream-node@4.2.12": {
      "integrity": "sha512-O3YbmGExeafuM/kP7Y8r6+1y0hIh3/zn6GROx0uNlB54K9oihAL75Qtc+jFfLNliTi6pxOAYZrRKD9A7iA6UFw==",
      "dependencies": [
        "@smithy/types",
        "@smithy/util-utf8@4.2.2",
        "tslib"
      ]
    },
    "@smithy/invalid-dependency@4.2.12": {
      "integrity": "sha512-/4F1zb7Z8LOu1PalTdESFHR0RbPwHd3FcaG1sI3UEIriQTWakysgJr65lc1jj6QY5ye7aFsisajotH6UhWfm/g==",
      "dependencies": [
        "@smithy/types",
        "tslib"
      ]
    },
    "@smithy/is-array-buffer@2.2.0": {
      "integrity": "sha512-GGP3O9QFD24uGeAXYUjwSTXARoqpZykHadOmA8G5vfJPK0/DC67qa//0qvqrJzL1xc8WQWX7/yc7fwudjPHPhA==",
      "dependencies": [
        "tslib"
      ]
    },
    "@smithy/is-array-buffer@4.2.2": {
      "integrity": "sha512-n6rQ4N8Jj4YTQO3YFrlgZuwKodf4zUFs7EJIWH86pSCWBaAtAGBFfCM7Wx6D2bBJ2xqFNxGBSrUWswT3M0VJow==",
      "dependencies": [
        "tslib"
      ]
    },
    "@smithy/md5-js@4.2.12": {
      "integrity": "sha512-W/oIpHCpWU2+iAkfZYyGWE+qkpuf3vEXHLxQQDx9FPNZTTdnul0dZ2d/gUFrtQ5je1G2kp4cjG0/24YueG2LbQ==",
      "dependencies": [
        "@smithy/types",
        "@smithy/util-utf8@4.2.2",
        "tslib"
      ]
    },
    "@smithy/middleware-content-length@4.2.12": {
      "integrity": "sha512-YE58Yz+cvFInWI/wOTrB+DbvUVz/pLn5mC5MvOV4fdRUc6qGwygyngcucRQjAhiCEbmfLOXX0gntSIcgMvAjmA==",
      "dependencies": [
        "@smithy/protocol-http",
        "@smithy/types",
        "tslib"
      ]
    },
    "@smithy/middleware-endpoint@4.4.25": {
      "integrity": "sha512-dqjLwZs2eBxIUG6Qtw8/YZ4DvzHGIf0DA18wrgtfP6a50UIO7e2nY0FPdcbv5tVJKqWCCU5BmGMOUwT7Puan+A==",
      "dependencies": [
        "@smithy/core",
        "@smithy/middleware-serde",
        "@smithy/node-config-provider",
        "@smithy/shared-ini-file-loader",
        "@smithy/types",
        "@smithy/url-parser",
        "@smithy/util-middleware",
        "tslib"
      ]
    },
    "@smithy/middleware-retry@4.4.42": {
      "integrity": "sha512-vbwyqHRIpIZutNXZpLAozakzamcINaRCpEy1MYmK6xBeW3xN+TyPRA123GjXnuxZIjc9848MRRCugVMTXxC4Eg==",
      "dependencies": [
        "@smithy/node-config-provider",
        "@smithy/protocol-http",
        "@smithy/service-error-classification",
        "@smithy/smithy-client",
        "@smithy/types",
        "@smithy/util-middleware",
        "@smithy/util-retry",
        "@smithy/uuid",
        "tslib"
      ]
    },
    "@smithy/middleware-serde@4.2.14": {
      "integrity": "sha512-+CcaLoLa5apzSRtloOyG7lQvkUw2ZDml3hRh4QiG9WyEPfW5Ke/3tPOPiPjUneuT59Tpn8+c3RVaUvvkkwqZwg==",
      "dependencies": [
        "@smithy/core",
        "@smithy/protocol-http",
        "@smithy/types",
        "tslib"
      ]
    },
    "@smithy/middleware-stack@4.2.12": {
      "integrity": "sha512-kruC5gRHwsCOuyCd4ouQxYjgRAym2uDlCvQ5acuMtRrcdfg7mFBg6blaxcJ09STpt3ziEkis6bhg1uwrWU7txw==",
      "dependencies": [
        "@smithy/types",
        "tslib"
      ]
    },
    "@smithy/node-config-provider@4.3.12": {
      "integrity": "sha512-tr2oKX2xMcO+rBOjobSwVAkV05SIfUKz8iI53rzxEmgW3GOOPOv0UioSDk+J8OpRQnpnhsO3Af6IEBabQBVmiw==",
      "dependencies": [
        "@smithy/property-provider",
        "@smithy/shared-ini-file-loader",
        "@smithy/types",
        "tslib"
      ]
    },
    "@smithy/node-http-handler@4.4.16": {
      "integrity": "sha512-ULC8UCS/HivdCB3jhi+kLFYe4B5gxH2gi9vHBfEIiRrT2jfKiZNiETJSlzRtE6B26XbBHjPtc8iZKSNqMol9bw==",
      "dependencies": [
        "@smithy/abort-controller",
        "@smithy/protocol-http",
        "@smithy/querystring-builder",
        "@smithy/types",
        "tslib"
      ]
    },
    "@smithy/property-provider@4.2.12": {
      "integrity": "sha512-jqve46eYU1v7pZ5BM+fmkbq3DerkSluPr5EhvOcHxygxzD05ByDRppRwRPPpFrsFo5yDtCYLKu+kreHKVrvc7A==",
      "dependencies": [
        "@smithy/types",
        "tslib"
      ]
    },
    "@smithy/protocol-http@5.3.12": {
      "integrity": "sha512-fit0GZK9I1xoRlR4jXmbLhoN0OdEpa96ul8M65XdmXnxXkuMxM0Y8HDT0Fh0Xb4I85MBvBClOzgSrV1X2s1Hxw==",
      "dependencies": [
        "@smithy/types",
        "tslib"
      ]
    },
    "@smithy/querystring-builder@4.2.12": {
      "integrity": "sha512-6wTZjGABQufekycfDGMEB84BgtdOE/rCVTov+EDXQ8NHKTUNIp/j27IliwP7tjIU9LR+sSzyGBOXjeEtVgzCHg==",
      "dependencies": [
        "@smithy/types",
        "@smithy/util-uri-escape",
        "tslib"
      ]
    },
    "@smithy/querystring-parser@4.2.12": {
      "integrity": "sha512-P2OdvrgiAKpkPNKlKUtWbNZKB1XjPxM086NeVhK+W+wI46pIKdWBe5QyXvhUm3MEcyS/rkLvY8rZzyUdmyDZBw==",
      "dependencies": [
        "@smithy/types",
        "tslib"
      ]
    },
    "@smithy/service-error-classification@4.2.12": {
      "integrity": "sha512-LlP29oSQN0Tw0b6D0Xo6BIikBswuIiGYbRACy5ujw/JgWSzTdYj46U83ssf6Ux0GyNJVivs2uReU8pt7Eu9okQ==",
      "dependencies": [
        "@smithy/types"
      ]
    },
    "@smithy/shared-ini-file-loader@4.4.7": {
      "integrity": "sha512-HrOKWsUb+otTeo1HxVWeEb99t5ER1XrBi/xka2Wv6NVmTbuCUC1dvlrksdvxFtODLBjsC+PHK+fuy2x/7Ynyiw==",
      "dependencies": [
        "@smithy/types",
        "tslib"
      ]
    },
    "@smithy/signature-v4@5.3.12": {
      "integrity": "sha512-B/FBwO3MVOL00DaRSXfXfa/TRXRheagt/q5A2NM13u7q+sHS59EOVGQNfG7DkmVtdQm5m3vOosoKAXSqn/OEgw==",
      "dependencies": [
        "@smithy/is-array-buffer@4.2.2",
        "@smithy/protocol-http",
        "@smithy/types",
        "@smithy/util-hex-encoding",
        "@smithy/util-middleware",
        "@smithy/util-uri-escape",
        "@smithy/util-utf8@4.2.2",
        "tslib"
      ]
    },
    "@smithy/smithy-client@4.12.5": {
      "integrity": "sha512-UqwYawyqSr/aog8mnLnfbPurS0gi4G7IYDcD28cUIBhsvWs1+rQcL2IwkUQ+QZ7dibaoRzhNF99fAQ9AUcO00w==",
      "dependencies": [
        "@smithy/core",
        "@smithy/middleware-endpoint",
        "@smithy/middleware-stack",
        "@smithy/protocol-http",
        "@smithy/types",
        "@smithy/util-stream",
        "tslib"
      ]
    },
    "@smithy/types@4.13.1": {
      "integrity": "sha512-787F3yzE2UiJIQ+wYW1CVg2odHjmaWLGksnKQHUrK/lYZSEcy1msuLVvxaR/sI2/aDe9U+TBuLsXnr3vod1g0g==",
      "dependencies": [
        "tslib"
      ]
    },
    "@smithy/url-parser@4.2.12": {
      "integrity": "sha512-wOPKPEpso+doCZGIlr+e1lVI6+9VAKfL4kZWFgzVgGWY2hZxshNKod4l2LXS3PRC9otH/JRSjtEHqQ/7eLciRA==",
      "dependencies": [
        "@smithy/querystring-parser",
        "@smithy/types",
        "tslib"
      ]
    },
    "@smithy/util-base64@4.3.2": {
      "integrity": "sha512-XRH6b0H/5A3SgblmMa5ErXQ2XKhfbQB+Fm/oyLZ2O2kCUrwgg55bU0RekmzAhuwOjA9qdN5VU2BprOvGGUkOOQ==",
      "dependencies": [
        "@smithy/util-buffer-from@4.2.2",
        "@smithy/util-utf8@4.2.2",
        "tslib"
      ]
    },
    "@smithy/util-body-length-browser@4.2.2": {
      "integrity": "sha512-JKCrLNOup3OOgmzeaKQwi4ZCTWlYR5H4Gm1r2uTMVBXoemo1UEghk5vtMi1xSu2ymgKVGW631e2fp9/R610ZjQ==",
      "dependencies": [
        "tslib"
      ]
    },
    "@smithy/util-body-length-node@4.2.3": {
      "integrity": "sha512-ZkJGvqBzMHVHE7r/hcuCxlTY8pQr1kMtdsVPs7ex4mMU+EAbcXppfo5NmyxMYi2XU49eqaz56j2gsk4dHHPG/g==",
      "dependencies": [
        "tslib"
      ]
    },
    "@smithy/util-buffer-from@2.2.0": {
      "integrity": "sha512-IJdWBbTcMQ6DA0gdNhh/BwrLkDR+ADW5Kr1aZmd4k3DIF6ezMV4R2NIAmT08wQJ3yUK82thHWmC/TnK/wpMMIA==",
      "dependencies": [
        "@smithy/is-array-buffer@2.2.0",
        "tslib"
      ]
    },
    "@smithy/util-buffer-from@4.2.2": {
      "integrity": "sha512-FDXD7cvUoFWwN6vtQfEta540Y/YBe5JneK3SoZg9bThSoOAC/eGeYEua6RkBgKjGa/sz6Y+DuBZj3+YEY21y4Q==",
      "dependencies": [
        "@smithy/is-array-buffer@4.2.2",
        "tslib"
      ]
    },
    "@smithy/util-config-provider@4.2.2": {
      "integrity": "sha512-dWU03V3XUprJwaUIFVv4iOnS1FC9HnMHDfUrlNDSh4315v0cWyaIErP8KiqGVbf5z+JupoVpNM7ZB3jFiTejvQ==",
      "dependencies": [
        "tslib"
      ]
    },
    "@smithy/util-defaults-mode-browser@4.3.41": {
      "integrity": "sha512-M1w1Ux0rSVvBOxIIiqbxvZvhnjQ+VUjJrugtORE90BbadSTH+jsQL279KRL3Hv0w69rE7EuYkV/4Lepz/NBW9g==",
      "dependencies": [
        "@smithy/property-provider",
        "@smithy/smithy-client",
        "@smithy/types",
        "tslib"
      ]
    },
    "@smithy/util-defaults-mode-node@4.2.44": {
      "integrity": "sha512-YPze3/lD1KmWuZsl9JlfhcgGLX7AXhSoaCDtiPntUjNW5/YY0lOHjkcgxyE9x/h5vvS1fzDifMGjzqnNlNiqOQ==",
      "dependencies": [
        "@smithy/config-resolver",
        "@smithy/credential-provider-imds",
        "@smithy/node-config-provider",
        "@smithy/property-provider",
        "@smithy/smithy-client",
        "@smithy/types",
        "tslib"
      ]
    },
    "@smithy/util-endpoints@3.3.3": {
      "integrity": "sha512-VACQVe50j0HZPjpwWcjyT51KUQ4AnsvEaQ2lKHOSL4mNLD0G9BjEniQ+yCt1qqfKfiAHRAts26ud7hBjamrwig==",
      "dependencies": [
        "@smithy/node-config-provider",
        "@smithy/types",
        "tslib"
      ]
    },
    "@smithy/util-hex-encoding@4.2.2": {
      "integrity": "sha512-Qcz3W5vuHK4sLQdyT93k/rfrUwdJ8/HZ+nMUOyGdpeGA1Wxt65zYwi3oEl9kOM+RswvYq90fzkNDahPS8K0OIg==",
      "dependencies": [
        "tslib"
      ]
    },
    "@smithy/util-middleware@4.2.12": {
      "integrity": "sha512-Er805uFUOvgc0l8nv0e0su0VFISoxhJ/AwOn3gL2NWNY2LUEldP5WtVcRYSQBcjg0y9NfG8JYrCJaYDpupBHJQ==",
      "dependencies": [
        "@smithy/types",
        "tslib"
      ]
    },
    "@smithy/util-retry@4.2.12": {
      "integrity": "sha512-1zopLDUEOwumjcHdJ1mwBHddubYF8GMQvstVCLC54Y46rqoHwlIU+8ZzUeaBcD+WCJHyDGSeZ2ml9YSe9aqcoQ==",
      "dependencies": [
        "@smithy/service-error-classification",
        "@smithy/types",
        "tslib"
      ]
    },
    "@smithy/util-stream@4.5.19": {
      "integrity": "sha512-v4sa+3xTweL1CLO2UP0p7tvIMH/Rq1X4KKOxd568mpe6LSLMQCnDHs4uv7m3ukpl3HvcN2JH6jiCS0SNRXKP/w==",
      "dependencies": [
        "@smithy/fetch-http-handler",
        "@smithy/node-http-handler",
        "@smithy/types",
        "@smithy/util-base64",
        "@smithy/util-buffer-from@4.2.2",
        "@smithy/util-hex-encoding",
        "@smithy/util-utf8@4.2.2",
        "tslib"
      ]
    },
    "@smithy/util-uri-escape@4.2.2": {
      "integrity": "sha512-2kAStBlvq+lTXHyAZYfJRb/DfS3rsinLiwb+69SstC9Vb0s9vNWkRwpnj918Pfi85mzi42sOqdV72OLxWAISnw==",
      "dependencies": [
        "tslib"
      ]
    },
    "@smithy/util-utf8@2.3.0": {
      "integrity": "sha512-R8Rdn8Hy72KKcebgLiv8jQcQkXoLMOGGv5uI1/k0l+snqkOzQ1R0ChUBCxWMlBsFMekWjq0wRudIweFs7sKT5A==",
      "dependencies": [
        "@smithy/util-buffer-from@2.2.0",
        "tslib"
      ]
    },
    "@smithy/util-utf8@4.2.2": {
      "integrity": "sha512-75MeYpjdWRe8M5E3AW0O4Cx3UadweS+cwdXjwYGBW5h/gxxnbeZ877sLPX/ZJA9GVTlL/qG0dXP29JWFCD1Ayw==",
      "dependencies": [
        "@smithy/util-buffer-from@4.2.2",
        "tslib"
      ]
    },
    "@smithy/util-waiter@4.2.13": {
      "integrity": "sha512-2zdZ9DTHngRtcYxJK1GUDxruNr53kv5W2Lupe0LMU+Imr6ohQg8M2T14MNkj1Y0wS3FFwpgpGQyvuaMF7CiTmQ==",
      "dependencies": [
        "@smithy/abort-controller",
        "@smithy/types",
        "tslib"
      ]
    },
    "@smithy/uuid@1.1.2": {
      "integrity": "sha512-O/IEdcCUKkubz60tFbGA7ceITTAJsty+lBjNoorP4Z6XRqaFb/OjQjZODophEcuq68nKm6/0r+6/lLQ+XVpk8g==",
      "dependencies": [
        "tslib"
      ]
    },
    "bowser@2.14.1": {
      "integrity": "sha512-tzPjzCxygAKWFOJP011oxFHs57HzIhOEracIgAePE4pqB3LikALKnSzUyU4MGs9/iCEUuHlAJTjTc5M+u7YEGg=="
    },
    "fast-xml-builder@1.1.3": {
      "integrity": "sha512-1o60KoFw2+LWKQu3IdcfcFlGTW4dpqEWmjhYec6H82AYZU2TVBXep6tMl8Z1Y+wM+ZrzCwe3BZ9Vyd9N2rIvmg==",
      "dependencies": [
        "path-expression-matcher"
      ]
    },
    "fast-xml-parser@5.4.1": {
      "integrity": "sha512-BQ30U1mKkvXQXXkAGcuyUA/GA26oEB7NzOtsxCDtyu62sjGw5QraKFhx2Em3WQNjPw9PG6MQ9yuIIgkSDfGu5A==",
      "dependencies": [
        "fast-xml-builder",
        "strnum"
      ],
      "bin": true
    },
    "path-expression-matcher@1.1.3": {
      "integrity": "sha512-qdVgY8KXmVdJZRSS1JdEPOKPdTiEK/pi0RkcT2sw1RhXxohdujUlJFPuS1TSkevZ9vzd3ZlL7ULl1MHGTApKzQ=="
    },
    "strnum@2.2.0": {
      "integrity": "sha512-Y7Bj8XyJxnPAORMZj/xltsfo55uOiyHcU2tnAVzHUnSJR/KsEX+9RoDeXEnsXtl/CX4fAcrt64gZ13aGaWPeBg=="
    },
    "tslib@2.8.1": {
      "integrity": "sha512-oJFu94HQb+KVduSUQL7wnpmqnfmLsOA/nAh6b6EH0wCEoK0/mPeXU6c3wKDV83MkOuHPRHtSXKKU99IBazS/2w=="
    }
  },
  "workspace": {
    "members": {
      "cli": {
        "dependencies": [
          "jsr:@db/sqlite@0.12",
          "jsr:@std/assert@1",
          "jsr:@std/crypto@1",
          "jsr:@std/path@1",
          "npm:@aws-sdk/client-s3@3"
        ]
      },
      "shared": {
        "dependencies": [
          "jsr:@std/assert@1"
        ]
      }
    }
  }
}
